
Microsoft Visual Studio Solution File, Format Version 12.00
# Visual Studio 15
VisualStudioVersion = 15.0.27703.2026
MinimumVisualStudioVersion = 10.0.40219.1
Project("{FAE04EC0-301F-11D3-BF4B-00C04F79EFBC}") = "CoRSample", "CoRSample\CoRSample.csproj", "{8DE2A839-6377-4C16-97B6-B4DBCF1A31C0}"
EndProject
Global
	GlobalSection(SolutionConfigurationPlatforms) = preSolution
		Debug|Any CPU = Debug|Any CPU
		Release|Any CPU = Release|Any CPU
	EndGlobalSection
	GlobalSection(ProjectConfigurationPlatforms) = postSolution
		{8DE2A839-6377-4C16-97B6-B4DBCF1A31C0}.Debug|Any CPU.ActiveCfg = Debug|Any CPU
		{8DE2A839-6377-4C16-97B6-B4DBCF1A31C0}.Debug|Any CPU.Build.0 = Debug|Any CPU
		{8DE2A839-6377-4C16-97B6-B4DBCF1A31C0}.Release|Any CPU.ActiveCfg = Release|Any CPU
		{8DE2A839-6377-4C16-97B6-B4DBCF1A31C0}.Release|Any CPU.Build.0 = Release|Any CPU
	EndGlobalSection
	GlobalSection(SolutionProperties) = preSolution
		HideSolutionNode = FALSE
	EndGlobalSection
	GlobalSection(ExtensibilityGlobals) = postSolution
		SolutionGuid = {530744BF-1036-46B2-B2B4-3926A0E9DB98}
	EndGlobalSection
EndGlobal
